// !$*UTF8*$!
{
	archiveVersion = 1;
	classes = {
	};
	objectVersion = 51;
	objects = {

/* Begin PBXBuildFile section */
		038D18499DA5B57A9E4B8524 /* Pods_flixter.framework in Frameworks */ = {isa = PBXBuildFile; fileRef = 7364AA6F0DB35AD31AC02010 /* Pods_flixter.framework */; };
		1755329823E2AEDA002AFF8B /* AppDelegate.swift in Sources */ = {isa = PBXBuildFile; fileRef = 1755329723E2AEDA002AFF8B /* AppDelegate.swift */; };
		1755329A23E2AEDA002AFF8B /* SceneDelegate.swift in Sources */ = {isa = PBXBuildFile; fileRef = 1755329923E2AEDA002AFF8B /* SceneDelegate.swift */; };
		1755329F23E2AEDA002AFF8B /* Main.storyboard in Resources */ = {isa = PBXBuildFile; fileRef = 1755329D23E2AEDA002AFF8B /* Main.storyboard */; };
		175532A123E2AEDB002AFF8B /* Assets.xcassets in Resources */ = {isa = PBXBuildFile; fileRef = 175532A023E2AEDB002AFF8B /* Assets.xcassets */; };
		175532A423E2AEDB002AFF8B /* LaunchScreen.storyboard in Resources */ = {isa = PBXBuildFile; fileRef = 175532A223E2AEDB002AFF8B /* LaunchScreen.storyboard */; };
		175532AF23E2AEDC002AFF8B /* flixterTests.swift in Sources */ = {isa = PBXBuildFile; fileRef = 175532AE23E2AEDC002AFF8B /* flixterTests.swift */; };
		175532BA23E2AEDC002AFF8B /* flixterUITests.swift in Sources */ = {isa = PBXBuildFile; fileRef = 175532B923E2AEDC002AFF8B /* flixterUITests.swift */; };
		175532C823E2B0C3002AFF8B /* MovieViewController.swift in Sources */ = {isa = PBXBuildFile; fileRef = 175532C723E2B0C3002AFF8B /* MovieViewController.swift */; };
		175532CA23E2C0D2002AFF8B /* MovieCell.swift in Sources */ = {isa = PBXBuildFile; fileRef = 175532C923E2C0D2002AFF8B /* MovieCell.swift */; };
		17B091C323E6244A00BF5EFB /* MovieDetailsViewController.swift in Sources */ = {isa = PBXBuildFile; fileRef = 17B091C223E6244A00BF5EFB /* MovieDetailsViewController.swift */; };
		17B091C523ED057C00BF5EFB /* MovieGridViewController.swift in Sources */ = {isa = PBXBuildFile; fileRef = 17B091C423ED057C00BF5EFB /* MovieGridViewController.swift */; };
		17B091C723ED090F00BF5EFB /* MovieGridCell.swift in Sources */ = {isa = PBXBuildFile; fileRef = 17B091C623ED090F00BF5EFB /* MovieGridCell.swift */; };
		511ABD9E376207A14096A463 /* Pods_flixterUITests.framework in Frameworks */ = {isa = PBXBuildFile; fileRef = C45459AF2FEAF209914DE92D /* Pods_flixterUITests.framework */; };
		E8F4D525C19D2390D2BB8B0F /* Pods_flixterTests.framework in Frameworks */ = {isa = PBXBuildFile; fileRef = AE8FECC779E809050DDED7C0 /* Pods_flixterTests.framework */; };
/* End PBXBuildFile section */

/* Begin PBXContainerItemProxy section */
		175532AB23E2AEDC002AFF8B /* PBXContainerItemProxy */ = {
			isa = PBXContainerItemProxy;
			containerPortal = 1755328C23E2AEDA002AFF8B /* Project object */;
			proxyType = 1;
			remoteGlobalIDString = 1755329323E2AEDA002AFF8B;
			remoteInfo = flixter;
		};
		175532B623E2AEDC002AFF8B /* PBXContainerItemProxy */ = {
			isa = PBXContainerItemProxy;
			containerPortal = 1755328C23E2AEDA002AFF8B /* Project object */;
			proxyType = 1;
			remoteGlobalIDString = 1755329323E2AEDA002AFF8B;
			remoteInfo = flixter;
		};
/* End PBXContainerItemProxy section */

/* Begin PBXFileReference section */
		1755329423E2AEDA002AFF8B /* flixter.app */ = {isa = PBXFileReference; explicitFileType = wrapper.application; includeInIndex = 0; path = flixter.app; sourceTree = BUILT_PRODUCTS_DIR; };
		1755329723E2AEDA002AFF8B /* AppDelegate.swift */ = {isa = PBXFileReference; lastKnownFileType = sourcecode.swift; path = AppDelegate.swift; sourceTree = "<group>"; };
		1755329923E2AEDA002AFF8B /* SceneDelegate.swift */ = {isa = PBXFileReference; lastKnownFileType = sourcecode.swift; path = SceneDelegate.swift; sourceTree = "<group>"; };
		1755329E23E2AEDA002AFF8B /* Base */ = {isa = PBXFileReference; lastKnownFileType = file.storyboard; name = Base; path = Base.lproj/Main.storyboard; sourceTree = "<group>"; };
		175532A023E2AEDB002AFF8B /* Assets.xcassets */ = {isa = PBXFileReference; lastKnownFileType = folder.assetcatalog; path = Assets.xcassets; sourceTree = "<group>"; };
		175532A323E2AEDB002AFF8B /* Base */ = {isa = PBXFileReference; lastKnownFileType = file.storyboard; name = Base; path = Base.lproj/LaunchScreen.storyboard; sourceTree = "<group>"; };
		175532A523E2AEDB002AFF8B /* Info.plist */ = {isa = PBXFileReference; lastKnownFileType = text.plist.xml; path = Info.plist; sourceTree = "<group>"; };
		175532AA23E2AEDC002AFF8B /* flixterTests.xctest */ = {isa = PBXFileReference; explicitFileType = wrapper.cfbundle; includeInIndex = 0; path = flixterTests.xctest; sourceTree = BUILT_PRODUCTS_DIR; };
		175532AE23E2AEDC002AFF8B /* flixterTests.swift */ = {isa = PBXFileReference; lastKnownFileType = sourcecode.swift; path = flixterTests.swift; sourceTree = "<group>"; };
		175532B023E2AEDC002AFF8B /* Info.plist */ = {isa = PBXFileReference; lastKnownFileType = text.plist.xml; path = Info.plist; sourceTree = "<group>"; };
		175532B523E2AEDC002AFF8B /* flixterUITests.xctest */ = {isa = PBXFileReference; explicitFileType = wrapper.cfbundle; includeInIndex = 0; path = flixterUITests.xctest; sourceTree = BUILT_PRODUCTS_DIR; };
		175532B923E2AEDC002AFF8B /* flixterUITests.swift */ = {isa = PBXFileReference; lastKnownFileType = sourcecode.swift; path = flixterUITests.swift; sourceTree = "<group>"; };
		175532BB23E2AEDC002AFF8B /* Info.plist */ = {isa = PBXFileReference; lastKnownFileType = text.plist.xml; path = Info.plist; sourceTree = "<group>"; };
		175532C723E2B0C3002AFF8B /* MovieViewController.swift */ = {isa = PBXFileReference; lastKnownFileType = sourcecode.swift; path = MovieViewController.swift; sourceTree = "<group>"; };
		175532C923E2C0D2002AFF8B /* MovieCell.swift */ = {isa = PBXFileReference; lastKnownFileType = sourcecode.swift; path = MovieCell.swift; sourceTree = "<group>"; };
		17B091C223E6244A00BF5EFB /* MovieDetailsViewController.swift */ = {isa = PBXFileReference; lastKnownFileType = sourcecode.swift; path = MovieDetailsViewController.swift; sourceTree = "<group>"; };
		17B091C423ED057C00BF5EFB /* MovieGridViewController.swift */ = {isa = PBXFileReference; lastKnownFileType = sourcecode.swift; path = MovieGridViewController.swift; sourceTree = "<group>"; };
		17B091C623ED090F00BF5EFB /* MovieGridCell.swift */ = {isa = PBXFileReference; lastKnownFileType = sourcecode.swift; path = MovieGridCell.swift; sourceTree = "<group>"; };
		1A22474D48975E1717787A65 /* Pods-flixter.debug.xcconfig */ = {isa = PBXFileReference; includeInIndex = 1; lastKnownFileType = text.xcconfig; name = "Pods-flixter.debug.xcconfig"; path = "Target Support Files/Pods-flixter/Pods-flixter.debug.xcconfig"; sourceTree = "<group>"; };
		209515F0CC88DFF12E103C4F /* Pods-flixterUITests.release.xcconfig */ = {isa = PBXFileReference; includeInIndex = 1; lastKnownFileType = text.xcconfig; name = "Pods-flixterUITests.release.xcconfig"; path = "Target Support Files/Pods-flixterUITests/Pods-flixterUITests.release.xcconfig"; sourceTree = "<group>"; };
		5197185A21DE5A38003AE18B /* Pods-flixterTests.release.xcconfig */ = {isa = PBXFileReference; includeInIndex = 1; lastKnownFileType = text.xcconfig; name = "Pods-flixterTests.release.xcconfig"; path = "Target Support Files/Pods-flixterTests/Pods-flixterTests.release.xcconfig"; sourceTree = "<group>"; };
		5670B3A3337EDB36765AD16C /* Pods-flixter.release.xcconfig */ = {isa = PBXFileReference; includeInIndex = 1; lastKnownFileType = text.xcconfig; name = "Pods-flixter.release.xcconfig"; path = "Target Support Files/Pods-flixter/Pods-flixter.release.xcconfig"; sourceTree = "<group>"; };
		7364AA6F0DB35AD31AC02010 /* Pods_flixter.framework */ = {isa = PBXFileReference; explicitFileType = wrapper.framework; includeInIndex = 0; path = Pods_flixter.framework; sourceTree = BUILT_PRODUCTS_DIR; };
		87DB807B0BE044DBDFB0657C /* Pods-flixterTests.debug.xcconfig */ = {isa = PBXFileReference; includeInIndex = 1; lastKnownFileType = text.xcconfig; name = "Pods-flixterTests.debug.xcconfig"; path = "Target Support Files/Pods-flixterTests/Pods-flixterTests.debug.xcconfig"; sourceTree = "<group>"; };
		AE8FECC779E809050DDED7C0 /* Pods_flixterTests.framework */ = {isa = PBXFileReference; explicitFileType = wrapper.framework; includeInIndex = 0; path = Pods_flixterTests.framework; sourceTree = BUILT_PRODUCTS_DIR; };
		C45459AF2FEAF209914DE92D /* Pods_flixterUITests.framework */ = {isa = PBXFileReference; explicitFileType = wrapper.framework; includeInIndex = 0; path = Pods_flixterUITests.framework; sourceTree = BUILT_PRODUCTS_DIR; };
		CEE7FEF868025805E3F4A5B3 /* Pods-flixterUITests.debug.xcconfig */ = {isa = PBXFileReference; includeInIndex = 1; lastKnownFileType = text.xcconfig; name = "Pods-flixterUITests.debug.xcconfig"; path = "Target Support Files/Pods-flixterUITests/Pods-flixterUITests.debug.xcconfig"; sourceTree = "<group>"; };
/* End PBXFileReference section */

/* Begin PBXFrameworksBuildPhase section */
		1755329123E2AEDA002AFF8B /* Frameworks */ = {
			isa = PBXFrameworksBuildPhase;
			buildActionMask = 2147483647;
			files = (
				038D18499DA5B57A9E4B8524 /* Pods_flixter.framework in Frameworks */,
			);
			runOnlyForDeploymentPostprocessing = 0;
		};
		175532A723E2AEDC002AFF8B /* Frameworks */ = {
			isa = PBXFrameworksBuildPhase;
			buildActionMask = 2147483647;
			files = (
				E8F4D525C19D2390D2BB8B0F /* Pods_flixterTests.framework in Frameworks */,
			);
			runOnlyForDeploymentPostprocessing = 0;
		};
		175532B223E2AEDC002AFF8B /* Frameworks */ = {
			isa = PBXFrameworksBuildPhase;
			buildActionMask = 2147483647;
			files = (
				511ABD9E376207A14096A463 /* Pods_flixterUITests.framework in Frameworks */,
			);
			runOnlyForDeploymentPostprocessing = 0;
		};
/* End PBXFrameworksBuildPhase section */

/* Begin PBXGroup section */
		08CA90A46FACA2B3D7C14FC3 /* Frameworks */ = {
			isa = PBXGroup;
			children = (
				7364AA6F0DB35AD31AC02010 /* Pods_flixter.framework */,
				AE8FECC779E809050DDED7C0 /* Pods_flixterTests.framework */,
				C45459AF2FEAF209914DE92D /* Pods_flixterUITests.framework */,
			);
			name = Frameworks;
			sourceTree = "<group>";
		};
		1755328B23E2AEDA002AFF8B = {
			isa = PBXGroup;
			children = (
				1755329623E2AEDA002AFF8B /* flixter */,
				175532AD23E2AEDC002AFF8B /* flixterTests */,
				175532B823E2AEDC002AFF8B /* flixterUITests */,
				1755329523E2AEDA002AFF8B /* Products */,
				27BE99DF3A2478AE5C5CC339 /* Pods */,
				08CA90A46FACA2B3D7C14FC3 /* Frameworks */,
			);
			sourceTree = "<group>";
		};
		1755329523E2AEDA002AFF8B /* Products */ = {
			isa = PBXGroup;
			children = (
				1755329423E2AEDA002AFF8B /* flixter.app */,
				175532AA23E2AEDC002AFF8B /* flixterTests.xctest */,
				175532B523E2AEDC002AFF8B /* flixterUITests.xctest */,
			);
			name = Products;
			sourceTree = "<group>";
		};
		1755329623E2AEDA002AFF8B /* flixter */ = {
			isa = PBXGroup;
			children = (
				1755329723E2AEDA002AFF8B /* AppDelegate.swift */,
				1755329923E2AEDA002AFF8B /* SceneDelegate.swift */,
				1755329D23E2AEDA002AFF8B /* Main.storyboard */,
				175532A023E2AEDB002AFF8B /* Assets.xcassets */,
				175532A223E2AEDB002AFF8B /* LaunchScreen.storyboard */,
				175532A523E2AEDB002AFF8B /* Info.plist */,
				175532C723E2B0C3002AFF8B /* MovieViewController.swift */,
				175532C923E2C0D2002AFF8B /* MovieCell.swift */,
				17B091C223E6244A00BF5EFB /* MovieDetailsViewController.swift */,
				17B091C423ED057C00BF5EFB /* MovieGridViewController.swift */,
				17B091C623ED090F00BF5EFB /* MovieGridCell.swift */,
			);
			path = flixter;
			sourceTree = "<group>";
		};
		175532AD23E2AEDC002AFF8B /* flixterTests */ = {
			isa = PBXGroup;
			children = (
				175532AE23E2AEDC002AFF8B /* flixterTests.swift */,
				175532B023E2AEDC002AFF8B /* Info.plist */,
			);
			path = flixterTests;
			sourceTree = "<group>";
		};
		175532B823E2AEDC002AFF8B /* flixterUITests */ = {
			isa = PBXGroup;
			children = (
				175532B923E2AEDC002AFF8B /* flixterUITests.swift */,
				175532BB23E2AEDC002AFF8B /* Info.plist */,
			);
			path = flixterUITests;
			sourceTree = "<group>";
		};
		27BE99DF3A2478AE5C5CC339 /* Pods */ = {
			isa = PBXGroup;
			children = (
				1A22474D48975E1717787A65 /* Pods-flixter.debug.xcconfig */,
				5670B3A3337EDB36765AD16C /* Pods-flixter.release.xcconfig */,
				87DB807B0BE044DBDFB0657C /* Pods-flixterTests.debug.xcconfig */,
				5197185A21DE5A38003AE18B /* Pods-flixterTests.release.xcconfig */,
				CEE7FEF868025805E3F4A5B3 /* Pods-flixterUITests.debug.xcconfig */,
				209515F0CC88DFF12E103C4F /* Pods-flixterUITests.release.xcconfig */,
			);
			path = Pods;
			sourceTree = "<group>";
		};
/* End PBXGroup section */

/* Begin PBXNativeTarget section */
		1755329323E2AEDA002AFF8B /* flixter */ = {
			isa = PBXNativeTarget;
			buildConfigurationList = 175532BE23E2AEDC002AFF8B /* Build configuration list for PBXNativeTarget "flixter" */;
			buildPhases = (
				0CA46B83DDA4751CC217262D /* [CP] Check Pods Manifest.lock */,
				1755329023E2AEDA002AFF8B /* Sources */,
				1755329123E2AEDA002AFF8B /* Frameworks */,
				1755329223E2AEDA002AFF8B /* Resources */,
				BA9914940DC30E4FD42503C6 /* [CP] Embed Pods Frameworks */,
			);
			buildRules = (
			);
			dependencies = (
			);
			name = flixter;
			productName = flixter;
			productReference = 1755329423E2AEDA002AFF8B /* flixter.app */;
			productType = "com.apple.product-type.application";
		};
		175532A923E2AEDC002AFF8B /* flixterTests */ = {
			isa = PBXNativeTarget;
			buildConfigurationList = 175532C123E2AEDC002AFF8B /* Build configuration list for PBXNativeTarget "flixterTests" */;
			buildPhases = (
				9F4C0C22F54A99957FA933DF /* [CP] Check Pods Manifest.lock */,
				175532A623E2AEDC002AFF8B /* Sources */,
				175532A723E2AEDC002AFF8B /* Frameworks */,
				175532A823E2AEDC002AFF8B /* Resources */,
			);
			buildRules = (
			);
			dependencies = (
				175532AC23E2AEDC002AFF8B /* PBXTargetDependency */,
			);
			name = flixterTests;
			productName = flixterTests;
			productReference = 175532AA23E2AEDC002AFF8B /* flixterTests.xctest */;
			productType = "com.apple.product-type.bundle.unit-test";
		};
		175532B423E2AEDC002AFF8B /* flixterUITests */ = {
			isa = PBXNativeTarget;
			buildConfigurationList = 175532C423E2AEDC002AFF8B /* Build configuration list for PBXNativeTarget "flixterUITests" */;
			buildPhases = (
				8D9CF491A9B71FBC2BA77A94 /* [CP] Check Pods Manifest.lock */,
				175532B123E2AEDC002AFF8B /* Sources */,
				175532B223E2AEDC002AFF8B /* Frameworks */,
				175532B323E2AEDC002AFF8B /* Resources */,
			);
			buildRules = (
			);
			dependencies = (
				175532B723E2AEDC002AFF8B /* PBXTargetDependency */,
			);
			name = flixterUITests;
			productName = flixterUITests;
			productReference = 175532B523E2AEDC002AFF8B /* flixterUITests.xctest */;
			productType = "com.apple.product-type.bundle.ui-testing";
		};
/* End PBXNativeTarget section */

/* Begin PBXProject section */
		1755328C23E2AEDA002AFF8B /* Project object */ = {
			isa = PBXProject;
			attributes = {
				LastSwiftUpdateCheck = 1100;
				LastUpgradeCheck = 1100;
				ORGANIZATIONNAME = Codepath;
				TargetAttributes = {
					1755329323E2AEDA002AFF8B = {
						CreatedOnToolsVersion = 11.0;
					};
					175532A923E2AEDC002AFF8B = {
						CreatedOnToolsVersion = 11.0;
						TestTargetID = 1755329323E2AEDA002AFF8B;
					};
					175532B423E2AEDC002AFF8B = {
						CreatedOnToolsVersion = 11.0;
						TestTargetID = 1755329323E2AEDA002AFF8B;
					};
				};
			};
			buildConfigurationList = 1755328F23E2AEDA002AFF8B /* Build configuration list for PBXProject "flixter" */;
			compatibilityVersion = "Xcode 9.3";
			developmentRegion = en;
			hasScannedForEncodings = 0;
			knownRegions = (
				en,
				Base,
			);
			mainGroup = 1755328B23E2AEDA002AFF8B;
			productRefGroup = 1755329523E2AEDA002AFF8B /* Products */;
			projectDirPath = "";
			projectRoot = "";
			targets = (
				1755329323E2AEDA002AFF8B /* flixter */,
				175532A923E2AEDC002AFF8B /* flixterTests */,
				175532B423E2AEDC002AFF8B /* flixterUITests */,
			);
		};
/* End PBXProject section */

/* Begin PBXResourcesBuildPhase section */
		1755329223E2AEDA002AFF8B /* Resources */ = {
			isa = PBXResourcesBuildPhase;
			buildActionMask = 2147483647;
			files = (
				175532A423E2AEDB002AFF8B /* LaunchScreen.storyboard in Resources */,
				175532A123E2AEDB002AFF8B /* Assets.xcassets in Resources */,
				1755329F23E2AEDA002AFF8B /* Main.storyboard in Resources */,
			);
			runOnlyForDeploymentPostprocessing = 0;
		};
		175532A823E2AEDC002AFF8B /* Resources */ = {
			isa = PBXResourcesBuildPhase;
			buildActionMask = 2147483647;
			files = (
			);
			runOnlyForDeploymentPostprocessing = 0;
		};
		175532B323E2AEDC002AFF8B /* Resources */ = {
			isa = PBXResourcesBuildPhase;
			buildActionMask = 2147483647;
			files = (
			);
			runOnlyForDeploymentPostprocessing = 0;
		};
/* End PBXResourcesBuildPhase section */

/* Begin PBXShellScriptBuildPhase section */
		0CA46B83DDA4751CC217262D /* [CP] Check Pods Manifest.lock */ = {
			isa = PBXShellScriptBuildPhase;
			buildActionMask = 2147483647;
			files = (
			);
			inputFileListPaths = (
			);
			inputPaths = (
				"${PODS_PODFILE_DIR_PATH}/Podfile.lock",
				"${PODS_ROOT}/Manifest.lock",
			);
			name = "[CP] Check Pods Manifest.lock";
			outputFileListPaths = (
			);
			outputPaths = (
				"$(DERIVED_FILE_DIR)/Pods-flixter-checkManifestLockResult.txt",
			);
			runOnlyForDeploymentPostprocessing = 0;
			shellPath = /bin/sh;
			shellScript = "diff \"${PODS_PODFILE_DIR_PATH}/Podfile.lock\" \"${PODS_ROOT}/Manifest.lock\" > /dev/null\nif [ $? != 0 ] ; then\n    # print error to STDERR\n    echo \"error: The sandbox is not in sync with the Podfile.lock. Run 'pod install' or update your CocoaPods installation.\" >&2\n    exit 1\nfi\n# This output is used by Xcode 'outputs' to avoid re-running this script phase.\necho \"SUCCESS\" > \"${SCRIPT_OUTPUT_FILE_0}\"\n";
			showEnvVarsInLog = 0;
		};
		8D9CF491A9B71FBC2BA77A94 /* [CP] Check Pods Manifest.lock */ = {
			isa = PBXShellScriptBuildPhase;
			buildActionMask = 2147483647;
			files = (
			);
			inputFileListPaths = (
			);
			inputPaths = (
				"${PODS_PODFILE_DIR_PATH}/Podfile.lock",
				"${PODS_ROOT}/Manifest.lock",
			);
			name = "[CP] Check Pods Manifest.lock";
			outputFileListPaths = (
			);
			outputPaths = (
				"$(DERIVED_FILE_DIR)/Pods-flixterUITests-checkManifestLockResult.txt",
			);
			runOnlyForDeploymentPostprocessing = 0;
			shellPath = /bin/sh;
			shellScript = "diff \"${PODS_PODFILE_DIR_PATH}/Podfile.lock\" \"${PODS_ROOT}/Manifest.lock\" > /dev/null\nif [ $? != 0 ] ; then\n    # print error to STDERR\n    echo \"error: The sandbox is not in sync with the Podfile.lock. Run 'pod install' or update your CocoaPods installation.\" >&2\n    exit 1\nfi\n# This output is used by Xcode 'outputs' to avoid re-running this script phase.\necho \"SUCCESS\" > \"${SCRIPT_OUTPUT_FILE_0}\"\n";
			showEnvVarsInLog = 0;
		};
		9F4C0C22F54A99957FA933DF /* [CP] Check Pods Manifest.lock */ = {
			isa = PBXShellScriptBuildPhase;
			buildActionMask = 2147483647;
			files = (
			);
			inputFileListPaths = (
			);
			inputPaths = (
				"${PODS_PODFILE_DIR_PATH}/Podfile.lock",
				"${PODS_ROOT}/Manifest.lock",
			);
			name = "[CP] Check Pods Manifest.lock";
			outputFileListPaths = (
			);
			outputPaths = (
				"$(DERIVED_FILE_DIR)/Pods-flixterTests-checkManifestLockResult.txt",
			);
			runOnlyForDeploymentPostprocessing = 0;
			shellPath = /bin/sh;
			shellScript = "diff \"${PODS_PODFILE_DIR_PATH}/Podfile.lock\" \"${PODS_ROOT}/Manifest.lock\" > /dev/null\nif [ $? != 0 ] ; then\n    # print error to STDERR\n    echo \"error: The sandbox is not in sync with the Podfile.lock. Run 'pod install' or update your CocoaPods installation.\" >&2\n    exit 1\nfi\n# This output is used by Xcode 'outputs' to avoid re-running this script phase.\necho \"SUCCESS\" > \"${SCRIPT_OUTPUT_FILE_0}\"\n";
			showEnvVarsInLog = 0;
		};
		BA9914940DC30E4FD42503C6 /* [CP] Embed Pods Frameworks */ = {
			isa = PBXShellScriptBuildPhase;
			buildActionMask = 2147483647;
			files = (
			);
			inputFileListPaths = (
				"${PODS_ROOT}/Target Support Files/Pods-flixter/Pods-flixter-frameworks-${CONFIGURATION}-input-files.xcfilelist",
			);
			name = "[CP] Embed Pods Frameworks";
			outputFileListPaths = (
				"${PODS_ROOT}/Target Support Files/Pods-flixter/Pods-flixter-frameworks-${CONFIGURATION}-output-files.xcfilelist",
			);
			runOnlyForDeploymentPostprocessing = 0;
			shellPath = /bin/sh;
			shellScript = "\"${PODS_ROOT}/Target Support Files/Pods-flixter/Pods-flixter-frameworks.sh\"\n";
			showEnvVarsInLog = 0;
		};
/* End PBXShellScriptBuildPhase section */

/* Begin PBXSourcesBuildPhase section */
		1755329023E2AEDA002AFF8B /* Sources */ = {
			isa = PBXSourcesBuildPhase;
			buildActionMask = 2147483647;
			files = (
				17B091C323E6244A00BF5EFB /* MovieDetailsViewController.swift in Sources */,
				1755329823E2AEDA002AFF8B /* AppDelegate.swift in Sources */,
				1755329A23E2AEDA002AFF8B /* SceneDelegate.swift in Sources */,
				175532CA23E2C0D2002AFF8B /* MovieCell.swift in Sources */,
				175532C823E2B0C3002AFF8B /* MovieViewController.swift in Sources */,
				17B091C523ED057C00BF5EFB /* MovieGridViewController.swift in Sources */,
				17B091C723ED090F00BF5EFB /* MovieGridCell.swift in Sources */,
			);
			runOnlyForDeploymentPostprocessing = 0;
		};
		175532A623E2AEDC002AFF8B /* Sources */ = {
			isa = PBXSourcesBuildPhase;
			buildActionMask = 2147483647;
			files = (
				175532AF23E2AEDC002AFF8B /* flixterTests.swift in Sources */,
			);
			runOnlyForDeploymentPostprocessing = 0;
		};
		175532B123E2AEDC002AFF8B /* Sources */ = {
			isa = PBXSourcesBuildPhase;
			buildActionMask = 2147483647;
			files = (
				175532BA23E2AEDC002AFF8B /* flixterUITests.swift in Sources */,
			);
			runOnlyForDeploymentPostprocessing = 0;
		};
/* End PBXSourcesBuildPhase section */

/* Begin PBXTargetDependency section */
		175532AC23E2AEDC002AFF8B /* PBXTargetDependency */ = {
			isa = PBXTargetDependency;
			target = 1755329323E2AEDA002AFF8B /* flixter */;
			targetProxy = 175532AB23E2AEDC002AFF8B /* PBXContainerItemProxy */;
		};
		175532B723E2AEDC002AFF8B /* PBXTargetDependency */ = {
			isa = PBXTargetDependency;
			target = 1755329323E2AEDA002AFF8B /* flixter */;
			targetProxy = 175532B623E2AEDC002AFF8B /* PBXContainerItemProxy */;
		};
/* End PBXTargetDependency section */

/* Begin PBXVariantGroup section */
		1755329D23E2AEDA002AFF8B /* Main.storyboard */ = {
			isa = PBXVariantGroup;
			children = (
				1755329E23E2AEDA002AFF8B /* Base */,
			);
			name = Main.storyboard;
			sourceTree = "<group>";
		};
		175532A223E2AEDB002AFF8B /* LaunchScreen.storyboard */ = {
			isa = PBXVariantGroup;
			children = (
				175532A323E2AEDB002AFF8B /* Base */,
			);
			name = LaunchScreen.storyboard;
			sourceTree = "<group>";
		};
/* End PBXVariantGroup section */

/* Begin XCBuildConfiguration section */
		175532BC23E2AEDC002AFF8B /* Debug */ = {
			isa = XCBuildConfiguration;
			buildSettings = {
				ALWAYS_SEARCH_USER_PATHS = NO;
				CLANG_ANALYZER_NONNULL = YES;
				CLANG_ANALYZER_NUMBER_OBJECT_CONVERSION = YES_AGGRESSIVE;
				CLANG_CXX_LANGUAGE_STANDARD = "gnu++14";
				CLANG_CXX_LIBRARY = "libc++";
				CLANG_ENABLE_MODULES = YES;
				CLANG_ENABLE_OBJC_ARC = YES;
				CLANG_ENABLE_OBJC_WEAK = YES;
				CLANG_WARN_BLOCK_CAPTURE_AUTORELEASING = YES;
				CLANG_WARN_BOOL_CONVERSION = YES;
				CLANG_WARN_COMMA = YES;
				CLANG_WARN_CONSTANT_CONVERSION = YES;
				CLANG_WARN_DEPRECATED_OBJC_IMPLEMENTATIONS = YES;
				CLANG_WARN_DIRECT_OBJC_ISA_USAGE = YES_ERROR;
				CLANG_WARN_DOCUMENTATION_COMMENTS = YES;
				CLANG_WARN_EMPTY_BODY = YES;
				CLANG_WARN_ENUM_CONVERSION = YES;
				CLANG_WARN_INFINITE_RECURSION = YES;
				CLANG_WARN_INT_CONVERSION = YES;
				CLANG_WARN_NON_LITERAL_NULL_CONVERSION = YES;
				CLANG_WARN_OBJC_IMPLICIT_RETAIN_SELF = YES;
				CLANG_WARN_OBJC_LITERAL_CONVERSION = YES;
				CLANG_WARN_OBJC_ROOT_CLASS = YES_ERROR;
				CLANG_WARN_RANGE_LOOP_ANALYSIS = YES;
				CLANG_WARN_STRICT_PROTOTYPES = YES;
				CLANG_WARN_SUSPICIOUS_MOVE = YES;
				CLANG_WARN_UNGUARDED_AVAILABILITY = YES_AGGRESSIVE;
				CLANG_WARN_UNREACHABLE_CODE = YES;
				CLANG_WARN__DUPLICATE_METHOD_MATCH = YES;
				COPY_PHASE_STRIP = NO;
				DEBUG_INFORMATION_FORMAT = dwarf;
				ENABLE_STRICT_OBJC_MSGSEND = YES;
				ENABLE_TESTABILITY = YES;
				GCC_C_LANGUAGE_STANDARD = gnu11;
				GCC_DYNAMIC_NO_PIC = NO;
				GCC_NO_COMMON_BLOCKS = YES;
				GCC_OPTIMIZATION_LEVEL = 0;
				GCC_PREPROCESSOR_DEFINITIONS = (
					"DEBUG=1",
					"$(inherited)",
				);
				GCC_WARN_64_TO_32_BIT_CONVERSION = YES;
				GCC_WARN_ABOUT_RETURN_TYPE = YES_ERROR;
				GCC_WARN_UNDECLARED_SELECTOR = YES;
				GCC_WARN_UNINITIALIZED_AUTOS = YES_AGGRESSIVE;
				GCC_WARN_UNUSED_FUNCTION = YES;
				GCC_WARN_UNUSED_VARIABLE = YES;
				IPHONEOS_DEPLOYMENT_TARGET = 13.0;
				MTL_ENABLE_DEBUG_INFO = INCLUDE_SOURCE;
				MTL_FAST_MATH = YES;
				ONLY_ACTIVE_ARCH = YES;
				SDKROOT = iphoneos;
				SWIFT_ACTIVE_COMPILATION_CONDITIONS = DEBUG;
				SWIFT_OPTIMIZATION_LEVEL = "-Onone";
			};
			name = Debug;
		};
		175532BD23E2AEDC002AFF8B /* Release */ = {
			isa = XCBuildConfiguration;
			buildSettings = {
				ALWAYS_SEARCH_USER_PATHS = NO;
				CLANG_ANALYZER_NONNULL = YES;
				CLANG_ANALYZER_NUMBER_OBJECT_CONVERSION = YES_AGGRESSIVE;
				CLANG_CXX_LANGUAGE_STANDARD = "gnu++14";
				CLANG_CXX_LIBRARY = "libc++";
				CLANG_ENABLE_MODULES = YES;
				CLANG_ENABLE_OBJC_ARC = YES;
				CLANG_ENABLE_OBJC_WEAK = YES;
				CLANG_WARN_BLOCK_CAPTURE_AUTORELEASING = YES;
				CLANG_WARN_BOOL_CONVERSION = YES;
				CLANG_WARN_COMMA = YES;
				CLANG_WARN_CONSTANT_CONVERSION = YES;
				CLANG_WARN_DEPRECATED_OBJC_IMPLEMENTATIONS = YES;
				CLANG_WARN_DIRECT_OBJC_ISA_USAGE = YES_ERROR;
				CLANG_WARN_DOCUMENTATION_COMMENTS = YES;
				CLANG_WARN_EMPTY_BODY = YES;
				CLANG_WARN_ENUM_CONVERSION = YES;
				CLANG_WARN_INFINITE_RECURSION = YES;
				CLANG_WARN_INT_CONVERSION = YES;
				CLANG_WARN_NON_LITERAL_NULL_CONVERSION = YES;
				CLANG_WARN_OBJC_IMPLICIT_RETAIN_SELF = YES;
				CLANG_WARN_OBJC_LITERAL_CONVERSION = YES;
				CLANG_WARN_OBJC_ROOT_CLASS = YES_ERROR;
				CLANG_WARN_RANGE_LOOP_ANALYSIS = YES;
				CLANG_WARN_STRICT_PROTOTYPES = YES;
				CLANG_WARN_SUSPICIOUS_MOVE = YES;
				CLANG_WARN_UNGUARDED_AVAILABILITY = YES_AGGRESSIVE;
				CLANG_WARN_UNREACHABLE_CODE = YES;
				CLANG_WARN__DUPLICATE_METHOD_MATCH = YES;
				COPY_PHASE_STRIP = NO;
				DEBUG_INFORMATION_FORMAT = "dwarf-with-dsym";
				ENABLE_NS_ASSERTIONS = NO;
				ENABLE_STRICT_OBJC_MSGSEND = YES;
				GCC_C_LANGUAGE_STANDARD = gnu11;
				GCC_NO_COMMON_BLOCKS = YES;
				GCC_WARN_64_TO_32_BIT_CONVERSION = YES;
				GCC_WARN_ABOUT_RETURN_TYPE = YES_ERROR;
				GCC_WARN_UNDECLARED_SELECTOR = YES;
				GCC_WARN_UNINITIALIZED_AUTOS = YES_AGGRESSIVE;
				GCC_WARN_UNUSED_FUNCTION = YES;
				GCC_WARN_UNUSED_VARIABLE = YES;
				IPHONEOS_DEPLOYMENT_TARGET = 13.0;
				MTL_ENABLE_DEBUG_INFO = NO;
				MTL_FAST_MATH = YES;
				SDKROOT = iphoneos;
				SWIFT_COMPILATION_MODE = wholemodule;
				SWIFT_OPTIMIZATION_LEVEL = "-O";
				VALIDATE_PRODUCT = YES;
			};
			name = Release;
		};
		175532BF23E2AEDC002AFF8B /* Debug */ = {
			isa = XCBuildConfiguration;
			baseConfigurationReference = 1A22474D48975E1717787A65 /* Pods-flixter.debug.xcconfig */;
			buildSettings = {
				ASSETCATALOG_COMPILER_APPICON_NAME = AppIcon;
				CODE_SIGN_STYLE = Automatic;
				DEVELOPMENT_TEAM = 5A8TX8885R;
				INFOPLIST_FILE = flixter/Info.plist;
				LD_RUNPATH_SEARCH_PATHS = (
					"$(inherited)",
					"@executable_path/Frameworks",
				);
				PRODUCT_BUNDLE_IDENTIFIER = com.Codepath.flixter;
				PRODUCT_NAME = "$(TARGET_NAME)";
				SWIFT_VERSION = 5.0;
				TARGETED_DEVICE_FAMILY = "1,2";
			};
			name = Debug;
		};
		175532C023E2AEDC002AFF8B /* Release */ = {
			isa = XCBuildConfiguration;
			baseConfigurationReference = 5670B3A3337EDB36765AD16C /* Pods-flixter.release.xcconfig */;
			buildSettings = {
				ASSETCATALOG_COMPILER_APPICON_NAME = AppIcon;
				CODE_SIGN_STYLE = Automatic;
				DEVELOPMENT_TEAM = 5A8TX8885R;
				INFOPLIST_FILE = flixter/Info.plist;
				LD_RUNPATH_SEARCH_PATHS = (
					"$(inherited)",
					"@executable_path/Frameworks",
				);
				PRODUCT_BUNDLE_IDENTIFIER = com.Codepath.flixter;
				PRODUCT_NAME = "$(TARGET_NAME)";
				SWIFT_VERSION = 5.0;
				TARGETED_DEVICE_FAMILY = "1,2";
			};
			name = Release;
		};
		175532C223E2AEDC002AFF8B /* Debug */ = {
			isa = XCBuildConfiguration;
			baseConfigurationReference = 87DB807B0BE044DBDFB0657C /* Pods-flixterTests.debug.xcconfig */;
			buildSettings = {
				ALWAYS_EMBED_SWIFT_STANDARD_LIBRARIES = YES;
				BUNDLE_LOADER = "$(TEST_HOST)";
				CODE_SIGN_STYLE = Automatic;
				DEVELOPMENT_TEAM = 5A8TX8885R;
				INFOPLIST_FILE = flixterTests/Info.plist;
				IPHONEOS_DEPLOYMENT_TARGET = 13.0;
				LD_RUNPATH_SEARCH_PATHS = (
					"$(inherited)",
					"@executable_path/Frameworks",
					"@loader_path/Frameworks",
				);
				PRODUCT_BUNDLE_IDENTIFIER = com.Codepath.flixterTests;
				PRODUCT_NAME = "$(TARGET_NAME)";
				SWIFT_VERSION = 5.0;
				TARGETED_DEVICE_FAMILY = "1,2";
				TEST_HOST = "$(BUILT_PRODUCTS_DIR)/flixter.app/flixter";
			};
			name = Debug;
		};
		175532C323E2AEDC002AFF8B /* Release */ = {
			isa = XCBuildConfiguration;
			baseConfigurationReference = 5197185A21DE5A38003AE18B /* Pods-flixterTests.release.xcconfig */;
			buildSettings = {
				ALWAYS_EMBED_SWIFT_STANDARD_LIBRARIES = YES;
				BUNDLE_LOADER = "$(TEST_HOST)";
				CODE_SIGN_STYLE = Automatic;
				DEVELOPMENT_TEAM = 5A8TX8885R;
				INFOPLIST_FILE = flixterTests/Info.plist;
				IPHONEOS_DEPLOYMENT_TARGET = 13.0;
				LD_RUNPATH_SEARCH_PATHS = (
					"$(inherited)",
					"@executable_path/Frameworks",
					"@loader_path/Frameworks",
				);
				PRODUCT_BUNDLE_IDENTIFIER = com.Codepath.flixterTests;
				PRODUCT_NAME = "$(TARGET_NAME)";
				SWIFT_VERSION = 5.0;
				TARGETED_DEVICE_FAMILY = "1,2";
				TEST_HOST = "$(BUILT_PRODUCTS_DIR)/flixter.app/flixter";
			};
			name = Release;
		};
		175532C523E2AEDC002AFF8B /* Debug */ = {
			isa = XCBuildConfiguration;
			baseConfigurationReference = CEE7FEF868025805E3F4A5B3 /* Pods-flixterUITests.debug.xcconfig */;
			buildSettings = {
				ALWAYS_EMBED_SWIFT_STANDARD_LIBRARIES = YES;
				CODE_SIGN_STYLE = Automatic;
				DEVELOPMENT_TEAM = 5A8TX8885R;
				INFOPLIST_FILE = flixterUITests/Info.plist;
				LD_RUNPATH_SEARCH_PATHS = (
					"$(inherited)",
					"@executable_path/Frameworks",
					"@loader_path/Frameworks",
				);
				PRODUCT_BUNDLE_IDENTIFIER = com.Codepath.flixterUITests;
				PRODUCT_NAME = "$(TARGET_NAME)";
				SWIFT_VERSION = 5.0;
				TARGETED_DEVICE_FAMILY = "1,2";
				TEST_TARGET_NAME = flixter;
			};
			name = Debug;
		};
		175532C623E2AEDC002AFF8B /* Release */ = {
			isa = XCBuildConfiguration;
			baseConfigurationReference = 209515F0CC88DFF12E103C4F /* Pods-flixterUITests.release.xcconfig */;
			buildSettings = {
				ALWAYS_EMBED_SWIFT_STANDARD_LIBRARIES = YES;
				CODE_SIGN_STYLE = Automatic;
				DEVELOPMENT_TEAM = 5A8TX8885R;
				INFOPLIST_FILE = flixterUITests/Info.plist;
				LD_RUNPATH_SEARCH_PATHS = (
					"$(inherited)",
					"@executable_path/Frameworks",
					"@loader_path/Frameworks",
				);
				PRODUCT_BUNDLE_IDENTIFIER = com.Codepath.flixterUITests;
				PRODUCT_NAME = "$(TARGET_NAME)";
				SWIFT_VERSION = 5.0;
				TARGETED_DEVICE_FAMILY = "1,2";
				TEST_TARGET_NAME = flixter;
			};
			name = Release;
		};
/* End XCBuildConfiguration section */

/* Begin XCConfigurationList section */
		1755328F23E2AEDA002AFF8B /* Build configuration list for PBXProject "flixter" */ = {
			isa = XCConfigurationList;
			buildConfigurations = (
				175532BC23E2AEDC002AFF8B /* Debug */,
				175532BD23E2AEDC002AFF8B /* Release */,
			);
			defaultConfigurationIsVisible = 0;
			defaultConfigurationName = Release;
		};
		175532BE23E2AEDC002AFF8B /* Build configuration list for PBXNativeTarget "flixter" */ = {
			isa = XCConfigurationList;
			buildConfigurations = (
				175532BF23E2AEDC002AFF8B /* Debug */,
				175532C023E2AEDC002AFF8B /* Release */,
			);
			defaultConfigurationIsVisible = 0;
			defaultConfigurationName = Release;
		};
		175532C123E2AEDC002AFF8B /* Build configuration list for PBXNativeTarget "flixterTests" */ = {
			isa = XCConfigurationList;
			buildConfigurations = (
				175532C223E2AEDC002AFF8B /* Debug */,
				175532C323E2AEDC002AFF8B /* Release */,
			);
			defaultConfigurationIsVisible = 0;
			defaultConfigurationName = Release;
		};
		175532C423E2AEDC002AFF8B /* Build configuration list for PBXNativeTarget "flixterUITests" */ = {
			isa = XCConfigurationList;
			buildConfigurations = (
				175532C523E2AEDC002AFF8B /* Debug */,
				175532C623E2AEDC002AFF8B /* Release */,
			);
			defaultConfigurationIsVisible = 0;
			defaultConfigurationName = Release;
		};
/* End XCConfigurationList section */
	};
	rootObject = 1755328C23E2AEDA002AFF8B /* Project object */;
}
